
Microsoft Visual Studio Solution File, Format Version 12.00
# Visual Studio Version 16
VisualStudioVersion = 16.0.32126.315
MinimumVisualStudioVersion = 10.0.40219.1
Project("{9A19103F-16F7-4668-BE54-9A1E7A4F7556}") = "Data", "Data\Data.csproj", "{DD6CB622-C8D2-4FB3-8DAE-1D9238FA51EA}"
EndProject
Project("{9A19103F-16F7-4668-BE54-9A1E7A4F7556}") = "Logic", "Logic\Logic.csproj", "{F0AA659F-9EF1-41E5-BCB8-DE45B8D76FAC}"
EndProject
Project("{FAE04EC0-301F-11D3-BF4B-00C04F79EFBC}") = "GUI", "GUI\GUI.csproj", "{E0582631-078E-4DC2-A132-78EAA2F6AFA9}"
EndProject
Global
	GlobalSection(SolutionConfigurationPlatforms) = preSolution
		Debug|Any CPU = Debug|Any CPU
		Release|Any CPU = Release|Any CPU
	EndGlobalSection
	GlobalSection(ProjectConfigurationPlatforms) = postSolution
		{DD6CB622-C8D2-4FB3-8DAE-1D9238FA51EA}.Debug|Any CPU.ActiveCfg = Debug|Any CPU
		{DD6CB622-C8D2-4FB3-8DAE-1D9238FA51EA}.Debug|Any CPU.Build.0 = Debug|Any CPU
		{DD6CB622-C8D2-4FB3-8DAE-1D9238FA51EA}.Release|Any CPU.ActiveCfg = Release|Any CPU
		{DD6CB622-C8D2-4FB3-8DAE-1D9238FA51EA}.Release|Any CPU.Build.0 = Release|Any CPU
		{F0AA659F-9EF1-41E5-BCB8-DE45B8D76FAC}.Debug|Any CPU.ActiveCfg = Debug|Any CPU
		{F0AA659F-9EF1-41E5-BCB8-DE45B8D76FAC}.Debug|Any CPU.Build.0 = Debug|Any CPU
		{F0AA659F-9EF1-41E5-BCB8-DE45B8D76FAC}.Release|Any CPU.ActiveCfg = Release|Any CPU
		{F0AA659F-9EF1-41E5-BCB8-DE45B8D76FAC}.Release|Any CPU.Build.0 = Release|Any CPU
		{E0582631-078E-4DC2-A132-78EAA2F6AFA9}.Debug|Any CPU.ActiveCfg = Debug|Any CPU
		{E0582631-078E-4DC2-A132-78EAA2F6AFA9}.Debug|Any CPU.Build.0 = Debug|Any CPU
		{E0582631-078E-4DC2-A132-78EAA2F6AFA9}.Release|Any CPU.ActiveCfg = Release|Any CPU
		{E0582631-078E-4DC2-A132-78EAA2F6AFA9}.Release|Any CPU.Build.0 = Release|Any CPU
	EndGlobalSection
	GlobalSection(SolutionProperties) = preSolution
		HideSolutionNode = FALSE
	EndGlobalSection
	GlobalSection(ExtensibilityGlobals) = postSolution
		SolutionGuid = {98560ECE-9CC2-4AA1-8A19-A7CD5EA0C417}
	EndGlobalSection
EndGlobal
